
Microsoft Visual Studio Solution File, Format Version 12.00
# Visual Studio Version 16
VisualStudioVersion = 16.0.32106.194
MinimumVisualStudioVersion = 10.0.40219.1
Project("{FAE04EC0-301F-11D3-BF4B-00C04F79EFBC}") = "Saída de Dados", "Saída de Dados\Saída de Dados.csproj", "{B8CB4E82-2E37-4C9E-9402-022FBC70A500}"
EndProject
Global
	GlobalSection(SolutionConfigurationPlatforms) = preSolution
		Debug|Any CPU = Debug|Any CPU
		Release|Any CPU = Release|Any CPU
	EndGlobalSection
	GlobalSection(ProjectConfigurationPlatforms) = postSolution
		{B8CB4E82-2E37-4C9E-9402-022FBC70A500}.Debug|Any CPU.ActiveCfg = Debug|Any CPU
		{B8CB4E82-2E37-4C9E-9402-022FBC70A500}.Debug|Any CPU.Build.0 = Debug|Any CPU
		{B8CB4E82-2E37-4C9E-9402-022FBC70A500}.Release|Any CPU.ActiveCfg = Release|Any CPU
		{B8CB4E82-2E37-4C9E-9402-022FBC70A500}.Release|Any CPU.Build.0 = Release|Any CPU
	EndGlobalSection
	GlobalSection(SolutionProperties) = preSolution
		HideSolutionNode = FALSE
	EndGlobalSection
	GlobalSection(ExtensibilityGlobals) = postSolution
		SolutionGuid = {9C2B72A2-BE50-4C5A-B87E-A1CEB9A93F78}
	EndGlobalSection
EndGlobal
